
Microsoft Visual Studio Solution File, Format Version 12.00
# Visual Studio 15
VisualStudioVersion = 15.0.27019.1
MinimumVisualStudioVersion = 10.0.40219.1
Project("{FAE04EC0-301F-11D3-BF4B-00C04F79EFBC}") = "Bridge.VirtualJoystick", "Bridge.VirtualJoystick\Bridge.VirtualJoystick.csproj", "{B476097A-B3F4-49E0-AB36-A7BD7F2C59D7}"
EndProject
Project("{FAE04EC0-301F-11D3-BF4B-00C04F79EFBC}") = "Example", "Example\Example.csproj", "{50438438-512E-4BA8-B465-9645136E262E}"
EndProject
Global
	GlobalSection(SolutionConfigurationPlatforms) = preSolution
		Debug|Any CPU = Debug|Any CPU
		Release|Any CPU = Release|Any CPU
	EndGlobalSection
	GlobalSection(ProjectConfigurationPlatforms) = postSolution
		{B476097A-B3F4-49E0-AB36-A7BD7F2C59D7}.Debug|Any CPU.ActiveCfg = Debug|Any CPU
		{B476097A-B3F4-49E0-AB36-A7BD7F2C59D7}.Debug|Any CPU.Build.0 = Debug|Any CPU
		{B476097A-B3F4-49E0-AB36-A7BD7F2C59D7}.Release|Any CPU.ActiveCfg = Release|Any CPU
		{B476097A-B3F4-49E0-AB36-A7BD7F2C59D7}.Release|Any CPU.Build.0 = Release|Any CPU
		{50438438-512E-4BA8-B465-9645136E262E}.Debug|Any CPU.ActiveCfg = Debug|Any CPU
		{50438438-512E-4BA8-B465-9645136E262E}.Debug|Any CPU.Build.0 = Debug|Any CPU
		{50438438-512E-4BA8-B465-9645136E262E}.Release|Any CPU.ActiveCfg = Release|Any CPU
		{50438438-512E-4BA8-B465-9645136E262E}.Release|Any CPU.Build.0 = Release|Any CPU
	EndGlobalSection
	GlobalSection(SolutionProperties) = preSolution
		HideSolutionNode = FALSE
	EndGlobalSection
	GlobalSection(ExtensibilityGlobals) = postSolution
		SolutionGuid = {D141EDAE-6AFC-4559-B423-C2CFB59E72FE}
	EndGlobalSection
EndGlobal
